// !$*UTF8*$!
{
	archiveVersion = 1;
	classes = {
	};
	objectVersion = 56;
	objects = {

/* Begin PBXBuildFile section */
		0C3523D5297725E7002462FF /* droneApp.swift in Sources */ = {isa = PBXBuildFile; fileRef = 0C3523D4297725E7002462FF /* droneApp.swift */; };
		0C3523D7297725E7002462FF /* ContentView.swift in Sources */ = {isa = PBXBuildFile; fileRef = 0C3523D6297725E7002462FF /* ContentView.swift */; };
		0C3523D9297725EF002462FF /* Assets.xcassets in Resources */ = {isa = PBXBuildFile; fileRef = 0C3523D8297725EF002462FF /* Assets.xcassets */; };
		0C3523DC297725EF002462FF /* Preview Assets.xcassets in Resources */ = {isa = PBXBuildFile; fileRef = 0C3523DB297725EF002462FF /* Preview Assets.xcassets */; };
		0C3523E6297725F0002462FF /* droneTests.swift in Sources */ = {isa = PBXBuildFile; fileRef = 0C3523E5297725F0002462FF /* droneTests.swift */; };
		0C3523F0297725F1002462FF /* droneUITests.swift in Sources */ = {isa = PBXBuildFile; fileRef = 0C3523EF297725F1002462FF /* droneUITests.swift */; };
		0C3523F2297725F1002462FF /* droneUITestsLaunchTests.swift in Sources */ = {isa = PBXBuildFile; fileRef = 0C3523F1297725F1002462FF /* droneUITestsLaunchTests.swift */; };
		0C35240729772687002462FF /* Domain.docc in Sources */ = {isa = PBXBuildFile; fileRef = 0C35240629772686002462FF /* Domain.docc */; };
		0C35240D29772688002462FF /* Domain.framework in Frameworks */ = {isa = PBXBuildFile; fileRef = 0C35240329772686002462FF /* Domain.framework */; };
		0C35241429772688002462FF /* DomainTests.swift in Sources */ = {isa = PBXBuildFile; fileRef = 0C35241329772688002462FF /* DomainTests.swift */; };
		0C35241529772688002462FF /* Domain.h in Headers */ = {isa = PBXBuildFile; fileRef = 0C35240529772686002462FF /* Domain.h */; settings = {ATTRIBUTES = (Public, ); }; };
		0C35241829772688002462FF /* Domain.framework in Frameworks */ = {isa = PBXBuildFile; fileRef = 0C35240329772686002462FF /* Domain.framework */; };
		0C35241929772688002462FF /* Domain.framework in Embed Frameworks */ = {isa = PBXBuildFile; fileRef = 0C35240329772686002462FF /* Domain.framework */; settings = {ATTRIBUTES = (CodeSignOnCopy, RemoveHeadersOnCopy, ); }; };
		0C35242A29772699002462FF /* Data.docc in Sources */ = {isa = PBXBuildFile; fileRef = 0C35242929772699002462FF /* Data.docc */; };
		0C3524302977269B002462FF /* Data.framework in Frameworks */ = {isa = PBXBuildFile; fileRef = 0C35242629772699002462FF /* Data.framework */; };
		0C3524372977269B002462FF /* DataTests.swift in Sources */ = {isa = PBXBuildFile; fileRef = 0C3524362977269B002462FF /* DataTests.swift */; };
		0C3524382977269B002462FF /* Data.h in Headers */ = {isa = PBXBuildFile; fileRef = 0C35242829772699002462FF /* Data.h */; settings = {ATTRIBUTES = (Public, ); }; };
		0C35243B2977269B002462FF /* Data.framework in Frameworks */ = {isa = PBXBuildFile; fileRef = 0C35242629772699002462FF /* Data.framework */; };
		0C35243C2977269B002462FF /* Data.framework in Embed Frameworks */ = {isa = PBXBuildFile; fileRef = 0C35242629772699002462FF /* Data.framework */; settings = {ATTRIBUTES = (CodeSignOnCopy, RemoveHeadersOnCopy, ); }; };
		0C352444297726BA002462FF /* Domain.framework in Frameworks */ = {isa = PBXBuildFile; fileRef = 0C35240329772686002462FF /* Domain.framework */; };
		0C352445297726BB002462FF /* Domain.framework in Embed Frameworks */ = {isa = PBXBuildFile; fileRef = 0C35240329772686002462FF /* Domain.framework */; settings = {ATTRIBUTES = (CodeSignOnCopy, RemoveHeadersOnCopy, ); }; };
		0C35244B29772A78002462FF /* input.json in Resources */ = {isa = PBXBuildFile; fileRef = 0C35244A29772A78002462FF /* input.json */; };
		0C35244F29772C4A002462FF /* Drone.swift in Sources */ = {isa = PBXBuildFile; fileRef = 0C35244E29772C4A002462FF /* Drone.swift */; };
		0C35245329772D92002462FF /* Plateau.swift in Sources */ = {isa = PBXBuildFile; fileRef = 0C35245229772D92002462FF /* Plateau.swift */; };
		0C36552E297867A8005BCAE6 /* TrackerDroneTests.swift in Sources */ = {isa = PBXBuildFile; fileRef = 0C36552D297867A8005BCAE6 /* TrackerDroneTests.swift */; };
		0C365530297867BF005BCAE6 /* TrackerPlateauTests.swift in Sources */ = {isa = PBXBuildFile; fileRef = 0C36552F297867BF005BCAE6 /* TrackerPlateauTests.swift */; };
		0C365532297867D4005BCAE6 /* TrackerInstructionTests.swift in Sources */ = {isa = PBXBuildFile; fileRef = 0C365531297867D4005BCAE6 /* TrackerInstructionTests.swift */; };
		0C51B8D82978175C00D1482E /* Tracker.docc in Sources */ = {isa = PBXBuildFile; fileRef = 0C51B8D72978175C00D1482E /* Tracker.docc */; };
		0C51B8DE2978175D00D1482E /* Tracker.framework in Frameworks */ = {isa = PBXBuildFile; fileRef = 0C51B8D42978175C00D1482E /* Tracker.framework */; };
		0C51B8E52978175D00D1482E /* TrackerTests.swift in Sources */ = {isa = PBXBuildFile; fileRef = 0C51B8E42978175D00D1482E /* TrackerTests.swift */; };
		0C51B8E62978175D00D1482E /* Tracker.h in Headers */ = {isa = PBXBuildFile; fileRef = 0C51B8D62978175C00D1482E /* Tracker.h */; settings = {ATTRIBUTES = (Public, ); }; };
		0C51B8E92978175D00D1482E /* Tracker.framework in Frameworks */ = {isa = PBXBuildFile; fileRef = 0C51B8D42978175C00D1482E /* Tracker.framework */; };
		0C51B8EA2978175D00D1482E /* Tracker.framework in Embed Frameworks */ = {isa = PBXBuildFile; fileRef = 0C51B8D42978175C00D1482E /* Tracker.framework */; settings = {ATTRIBUTES = (CodeSignOnCopy, RemoveHeadersOnCopy, ); }; };
		0C51B8F1297817C900D1482E /* Tracker.framework in Frameworks */ = {isa = PBXBuildFile; fileRef = 0C51B8D42978175C00D1482E /* Tracker.framework */; };
		0C51B8F2297817C900D1482E /* Tracker.framework in Embed Frameworks */ = {isa = PBXBuildFile; fileRef = 0C51B8D42978175C00D1482E /* Tracker.framework */; settings = {ATTRIBUTES = (CodeSignOnCopy, RemoveHeadersOnCopy, ); }; };
		0C51B8F62978190B00D1482E /* Tracker.swift in Sources */ = {isa = PBXBuildFile; fileRef = 0C51B8F52978190B00D1482E /* Tracker.swift */; };
		0C51B90129781DBA00D1482E /* TrackerInstruction.swift in Sources */ = {isa = PBXBuildFile; fileRef = 0C51B90029781DBA00D1482E /* TrackerInstruction.swift */; };
		0C51B90229781DBE00D1482E /* TrackerInstructions.swift in Sources */ = {isa = PBXBuildFile; fileRef = 0C51B8FE29781D7400D1482E /* TrackerInstructions.swift */; };
		0C51B90429781DC400D1482E /* TrackerPlateau.swift in Sources */ = {isa = PBXBuildFile; fileRef = 0C51B8FA29781CC800D1482E /* TrackerPlateau.swift */; };
		0C51B906297820DA00D1482E /* TrackerDrone.swift in Sources */ = {isa = PBXBuildFile; fileRef = 0C51B905297820DA00D1482E /* TrackerDrone.swift */; };
		0C51B9082978229200D1482E /* TrackerPosition.swift in Sources */ = {isa = PBXBuildFile; fileRef = 0C51B9072978229200D1482E /* TrackerPosition.swift */; };
		0C51B90A2978230000D1482E /* TrackerMission.swift in Sources */ = {isa = PBXBuildFile; fileRef = 0C51B9092978230000D1482E /* TrackerMission.swift */; };
		0C51B90C2978243D00D1482E /* TrackerMissionResult.swift in Sources */ = {isa = PBXBuildFile; fileRef = 0C51B90B2978243D00D1482E /* TrackerMissionResult.swift */; };
/* End PBXBuildFile section */

/* Begin PBXContainerItemProxy section */
		0C3523E2297725F0002462FF /* PBXContainerItemProxy */ = {
			isa = PBXContainerItemProxy;
			containerPortal = 0C3523C9297725E7002462FF /* Project object */;
			proxyType = 1;
			remoteGlobalIDString = 0C3523D0297725E7002462FF;
			remoteInfo = drone;
		};
		0C3523EC297725F1002462FF /* PBXContainerItemProxy */ = {
			isa = PBXContainerItemProxy;
			containerPortal = 0C3523C9297725E7002462FF /* Project object */;
			proxyType = 1;
			remoteGlobalIDString = 0C3523D0297725E7002462FF;
			remoteInfo = drone;
		};
		0C35240E29772688002462FF /* PBXContainerItemProxy */ = {
			isa = PBXContainerItemProxy;
			containerPortal = 0C3523C9297725E7002462FF /* Project object */;
			proxyType = 1;
			remoteGlobalIDString = 0C35240229772686002462FF;
			remoteInfo = Domain;
		};
		0C35241029772688002462FF /* PBXContainerItemProxy */ = {
			isa = PBXContainerItemProxy;
			containerPortal = 0C3523C9297725E7002462FF /* Project object */;
			proxyType = 1;
			remoteGlobalIDString = 0C3523D0297725E7002462FF;
			remoteInfo = drone;
		};
		0C35241629772688002462FF /* PBXContainerItemProxy */ = {
			isa = PBXContainerItemProxy;
			containerPortal = 0C3523C9297725E7002462FF /* Project object */;
			proxyType = 1;
			remoteGlobalIDString = 0C35240229772686002462FF;
			remoteInfo = Domain;
		};
		0C3524312977269B002462FF /* PBXContainerItemProxy */ = {
			isa = PBXContainerItemProxy;
			containerPortal = 0C3523C9297725E7002462FF /* Project object */;
			proxyType = 1;
			remoteGlobalIDString = 0C35242529772699002462FF;
			remoteInfo = Data;
		};
		0C3524332977269B002462FF /* PBXContainerItemProxy */ = {
			isa = PBXContainerItemProxy;
			containerPortal = 0C3523C9297725E7002462FF /* Project object */;
			proxyType = 1;
			remoteGlobalIDString = 0C3523D0297725E7002462FF;
			remoteInfo = drone;
		};
		0C3524392977269B002462FF /* PBXContainerItemProxy */ = {
			isa = PBXContainerItemProxy;
			containerPortal = 0C3523C9297725E7002462FF /* Project object */;
			proxyType = 1;
			remoteGlobalIDString = 0C35242529772699002462FF;
			remoteInfo = Data;
		};
		0C352446297726BB002462FF /* PBXContainerItemProxy */ = {
			isa = PBXContainerItemProxy;
			containerPortal = 0C3523C9297725E7002462FF /* Project object */;
			proxyType = 1;
			remoteGlobalIDString = 0C35240229772686002462FF;
			remoteInfo = Domain;
		};
		0C51B8DF2978175D00D1482E /* PBXContainerItemProxy */ = {
			isa = PBXContainerItemProxy;
			containerPortal = 0C3523C9297725E7002462FF /* Project object */;
			proxyType = 1;
			remoteGlobalIDString = 0C51B8D32978175C00D1482E;
			remoteInfo = Tracker;
		};
		0C51B8E12978175D00D1482E /* PBXContainerItemProxy */ = {
			isa = PBXContainerItemProxy;
			containerPortal = 0C3523C9297725E7002462FF /* Project object */;
			proxyType = 1;
			remoteGlobalIDString = 0C3523D0297725E7002462FF;
			remoteInfo = drone;
		};
		0C51B8E72978175D00D1482E /* PBXContainerItemProxy */ = {
			isa = PBXContainerItemProxy;
			containerPortal = 0C3523C9297725E7002462FF /* Project object */;
			proxyType = 1;
			remoteGlobalIDString = 0C51B8D32978175C00D1482E;
			remoteInfo = Tracker;
		};
		0C51B8F3297817C900D1482E /* PBXContainerItemProxy */ = {
			isa = PBXContainerItemProxy;
			containerPortal = 0C3523C9297725E7002462FF /* Project object */;
			proxyType = 1;
			remoteGlobalIDString = 0C51B8D32978175C00D1482E;
			remoteInfo = Tracker;
		};
/* End PBXContainerItemProxy section */

/* Begin PBXCopyFilesBuildPhase section */
		0C35241D29772689002462FF /* Embed Frameworks */ = {
			isa = PBXCopyFilesBuildPhase;
			buildActionMask = 2147483647;
			dstPath = "";
			dstSubfolderSpec = 10;
			files = (
				0C35243C2977269B002462FF /* Data.framework in Embed Frameworks */,
				0C51B8EA2978175D00D1482E /* Tracker.framework in Embed Frameworks */,
				0C35241929772688002462FF /* Domain.framework in Embed Frameworks */,
			);
			name = "Embed Frameworks";
			runOnlyForDeploymentPostprocessing = 0;
		};
		0C352448297726BB002462FF /* Embed Frameworks */ = {
			isa = PBXCopyFilesBuildPhase;
			buildActionMask = 2147483647;
			dstPath = "";
			dstSubfolderSpec = 10;
			files = (
				0C352445297726BB002462FF /* Domain.framework in Embed Frameworks */,
				0C51B8F2297817C900D1482E /* Tracker.framework in Embed Frameworks */,
			);
			name = "Embed Frameworks";
			runOnlyForDeploymentPostprocessing = 0;
		};
/* End PBXCopyFilesBuildPhase section */

/* Begin PBXFileReference section */
		0C3523D1297725E7002462FF /* drone.app */ = {isa = PBXFileReference; explicitFileType = wrapper.application; includeInIndex = 0; path = drone.app; sourceTree = BUILT_PRODUCTS_DIR; };
		0C3523D4297725E7002462FF /* droneApp.swift */ = {isa = PBXFileReference; lastKnownFileType = sourcecode.swift; path = droneApp.swift; sourceTree = "<group>"; };
		0C3523D6297725E7002462FF /* ContentView.swift */ = {isa = PBXFileReference; lastKnownFileType = sourcecode.swift; path = ContentView.swift; sourceTree = "<group>"; };
		0C3523D8297725EF002462FF /* Assets.xcassets */ = {isa = PBXFileReference; lastKnownFileType = folder.assetcatalog; path = Assets.xcassets; sourceTree = "<group>"; };
		0C3523DB297725EF002462FF /* Preview Assets.xcassets */ = {isa = PBXFileReference; lastKnownFileType = folder.assetcatalog; path = "Preview Assets.xcassets"; sourceTree = "<group>"; };
		0C3523E1297725F0002462FF /* droneTests.xctest */ = {isa = PBXFileReference; explicitFileType = wrapper.cfbundle; includeInIndex = 0; path = droneTests.xctest; sourceTree = BUILT_PRODUCTS_DIR; };
		0C3523E5297725F0002462FF /* droneTests.swift */ = {isa = PBXFileReference; lastKnownFileType = sourcecode.swift; path = droneTests.swift; sourceTree = "<group>"; };
		0C3523EB297725F1002462FF /* droneUITests.xctest */ = {isa = PBXFileReference; explicitFileType = wrapper.cfbundle; includeInIndex = 0; path = droneUITests.xctest; sourceTree = BUILT_PRODUCTS_DIR; };
		0C3523EF297725F1002462FF /* droneUITests.swift */ = {isa = PBXFileReference; lastKnownFileType = sourcecode.swift; path = droneUITests.swift; sourceTree = "<group>"; };
		0C3523F1297725F1002462FF /* droneUITestsLaunchTests.swift */ = {isa = PBXFileReference; lastKnownFileType = sourcecode.swift; path = droneUITestsLaunchTests.swift; sourceTree = "<group>"; };
		0C35240329772686002462FF /* Domain.framework */ = {isa = PBXFileReference; explicitFileType = wrapper.framework; includeInIndex = 0; path = Domain.framework; sourceTree = BUILT_PRODUCTS_DIR; };
		0C35240529772686002462FF /* Domain.h */ = {isa = PBXFileReference; lastKnownFileType = sourcecode.c.h; path = Domain.h; sourceTree = "<group>"; };
		0C35240629772686002462FF /* Domain.docc */ = {isa = PBXFileReference; lastKnownFileType = folder.documentationcatalog; path = Domain.docc; sourceTree = "<group>"; };
		0C35240C29772688002462FF /* DomainTests.xctest */ = {isa = PBXFileReference; explicitFileType = wrapper.cfbundle; includeInIndex = 0; path = DomainTests.xctest; sourceTree = BUILT_PRODUCTS_DIR; };
		0C35241329772688002462FF /* DomainTests.swift */ = {isa = PBXFileReference; lastKnownFileType = sourcecode.swift; path = DomainTests.swift; sourceTree = "<group>"; };
		0C35242629772699002462FF /* Data.framework */ = {isa = PBXFileReference; explicitFileType = wrapper.framework; includeInIndex = 0; path = Data.framework; sourceTree = BUILT_PRODUCTS_DIR; };
		0C35242829772699002462FF /* Data.h */ = {isa = PBXFileReference; lastKnownFileType = sourcecode.c.h; path = Data.h; sourceTree = "<group>"; };
		0C35242929772699002462FF /* Data.docc */ = {isa = PBXFileReference; lastKnownFileType = folder.documentationcatalog; path = Data.docc; sourceTree = "<group>"; };
		0C35242F2977269B002462FF /* DataTests.xctest */ = {isa = PBXFileReference; explicitFileType = wrapper.cfbundle; includeInIndex = 0; path = DataTests.xctest; sourceTree = BUILT_PRODUCTS_DIR; };
		0C3524362977269B002462FF /* DataTests.swift */ = {isa = PBXFileReference; lastKnownFileType = sourcecode.swift; path = DataTests.swift; sourceTree = "<group>"; };
		0C35244A29772A78002462FF /* input.json */ = {isa = PBXFileReference; lastKnownFileType = text.json; path = input.json; sourceTree = "<group>"; };
		0C35244E29772C4A002462FF /* Drone.swift */ = {isa = PBXFileReference; lastKnownFileType = sourcecode.swift; path = Drone.swift; sourceTree = "<group>"; };
		0C35245229772D92002462FF /* Plateau.swift */ = {isa = PBXFileReference; lastKnownFileType = sourcecode.swift; path = Plateau.swift; sourceTree = "<group>"; };
		0C36552D297867A8005BCAE6 /* TrackerDroneTests.swift */ = {isa = PBXFileReference; lastKnownFileType = sourcecode.swift; path = TrackerDroneTests.swift; sourceTree = "<group>"; };
		0C36552F297867BF005BCAE6 /* TrackerPlateauTests.swift */ = {isa = PBXFileReference; lastKnownFileType = sourcecode.swift; path = TrackerPlateauTests.swift; sourceTree = "<group>"; };
		0C365531297867D4005BCAE6 /* TrackerInstructionTests.swift */ = {isa = PBXFileReference; lastKnownFileType = sourcecode.swift; path = TrackerInstructionTests.swift; sourceTree = "<group>"; };
		0C51B8D42978175C00D1482E /* Tracker.framework */ = {isa = PBXFileReference; explicitFileType = wrapper.framework; includeInIndex = 0; path = Tracker.framework; sourceTree = BUILT_PRODUCTS_DIR; };
		0C51B8D62978175C00D1482E /* Tracker.h */ = {isa = PBXFileReference; lastKnownFileType = sourcecode.c.h; path = Tracker.h; sourceTree = "<group>"; };
		0C51B8D72978175C00D1482E /* Tracker.docc */ = {isa = PBXFileReference; lastKnownFileType = folder.documentationcatalog; path = Tracker.docc; sourceTree = "<group>"; };
		0C51B8DD2978175D00D1482E /* TrackerTests.xctest */ = {isa = PBXFileReference; explicitFileType = wrapper.cfbundle; includeInIndex = 0; path = TrackerTests.xctest; sourceTree = BUILT_PRODUCTS_DIR; };
		0C51B8E42978175D00D1482E /* TrackerTests.swift */ = {isa = PBXFileReference; lastKnownFileType = sourcecode.swift; path = TrackerTests.swift; sourceTree = "<group>"; };
		0C51B8F52978190B00D1482E /* Tracker.swift */ = {isa = PBXFileReference; lastKnownFileType = sourcecode.swift; path = Tracker.swift; sourceTree = "<group>"; };
		0C51B8FA29781CC800D1482E /* TrackerPlateau.swift */ = {isa = PBXFileReference; lastKnownFileType = sourcecode.swift; path = TrackerPlateau.swift; sourceTree = "<group>"; };
		0C51B8FE29781D7400D1482E /* TrackerInstructions.swift */ = {isa = PBXFileReference; lastKnownFileType = sourcecode.swift; path = TrackerInstructions.swift; sourceTree = "<group>"; };
		0C51B90029781DBA00D1482E /* TrackerInstruction.swift */ = {isa = PBXFileReference; lastKnownFileType = sourcecode.swift; path = TrackerInstruction.swift; sourceTree = "<group>"; };
		0C51B905297820DA00D1482E /* TrackerDrone.swift */ = {isa = PBXFileReference; lastKnownFileType = sourcecode.swift; path = TrackerDrone.swift; sourceTree = "<group>"; };
		0C51B9072978229200D1482E /* TrackerPosition.swift */ = {isa = PBXFileReference; lastKnownFileType = sourcecode.swift; path = TrackerPosition.swift; sourceTree = "<group>"; };
		0C51B9092978230000D1482E /* TrackerMission.swift */ = {isa = PBXFileReference; lastKnownFileType = sourcecode.swift; path = TrackerMission.swift; sourceTree = "<group>"; };
		0C51B90B2978243D00D1482E /* TrackerMissionResult.swift */ = {isa = PBXFileReference; lastKnownFileType = sourcecode.swift; path = TrackerMissionResult.swift; sourceTree = "<group>"; };
/* End PBXFileReference section */

/* Begin PBXFrameworksBuildPhase section */
		0C3523CE297725E7002462FF /* Frameworks */ = {
			isa = PBXFrameworksBuildPhase;
			buildActionMask = 2147483647;
			files = (
				0C35243B2977269B002462FF /* Data.framework in Frameworks */,
				0C51B8E92978175D00D1482E /* Tracker.framework in Frameworks */,
				0C35241829772688002462FF /* Domain.framework in Frameworks */,
			);
			runOnlyForDeploymentPostprocessing = 0;
		};
		0C3523DE297725F0002462FF /* Frameworks */ = {
			isa = PBXFrameworksBuildPhase;
			buildActionMask = 2147483647;
			files = (
			);
			runOnlyForDeploymentPostprocessing = 0;
		};
		0C3523E8297725F1002462FF /* Frameworks */ = {
			isa = PBXFrameworksBuildPhase;
			buildActionMask = 2147483647;
			files = (
			);
			runOnlyForDeploymentPostprocessing = 0;
		};
		0C35240029772686002462FF /* Frameworks */ = {
			isa = PBXFrameworksBuildPhase;
			buildActionMask = 2147483647;
			files = (
			);
			runOnlyForDeploymentPostprocessing = 0;
		};
		0C35240929772688002462FF /* Frameworks */ = {
			isa = PBXFrameworksBuildPhase;
			buildActionMask = 2147483647;
			files = (
				0C35240D29772688002462FF /* Domain.framework in Frameworks */,
			);
			runOnlyForDeploymentPostprocessing = 0;
		};
		0C35242329772699002462FF /* Frameworks */ = {
			isa = PBXFrameworksBuildPhase;
			buildActionMask = 2147483647;
			files = (
				0C352444297726BA002462FF /* Domain.framework in Frameworks */,
				0C51B8F1297817C900D1482E /* Tracker.framework in Frameworks */,
			);
			runOnlyForDeploymentPostprocessing = 0;
		};
		0C35242C2977269B002462FF /* Frameworks */ = {
			isa = PBXFrameworksBuildPhase;
			buildActionMask = 2147483647;
			files = (
				0C3524302977269B002462FF /* Data.framework in Frameworks */,
			);
			runOnlyForDeploymentPostprocessing = 0;
		};
		0C51B8D12978175C00D1482E /* Frameworks */ = {
			isa = PBXFrameworksBuildPhase;
			buildActionMask = 2147483647;
			files = (
			);
			runOnlyForDeploymentPostprocessing = 0;
		};
		0C51B8DA2978175D00D1482E /* Frameworks */ = {
			isa = PBXFrameworksBuildPhase;
			buildActionMask = 2147483647;
			files = (
				0C51B8DE2978175D00D1482E /* Tracker.framework in Frameworks */,
			);
			runOnlyForDeploymentPostprocessing = 0;
		};
/* End PBXFrameworksBuildPhase section */

/* Begin PBXGroup section */
		0C3523C8297725E7002462FF = {
			isa = PBXGroup;
			children = (
				0C3523D3297725E7002462FF /* drone */,
				0C3523E4297725F0002462FF /* droneTests */,
				0C3523EE297725F1002462FF /* droneUITests */,
				0C3523D2297725E7002462FF /* Products */,
				0C352443297726BA002462FF /* Frameworks */,
			);
			sourceTree = "<group>";
		};
		0C3523D2297725E7002462FF /* Products */ = {
			isa = PBXGroup;
			children = (
				0C3523D1297725E7002462FF /* drone.app */,
				0C3523E1297725F0002462FF /* droneTests.xctest */,
				0C3523EB297725F1002462FF /* droneUITests.xctest */,
				0C35240329772686002462FF /* Domain.framework */,
				0C35240C29772688002462FF /* DomainTests.xctest */,
				0C35242629772699002462FF /* Data.framework */,
				0C35242F2977269B002462FF /* DataTests.xctest */,
				0C51B8D42978175C00D1482E /* Tracker.framework */,
				0C51B8DD2978175D00D1482E /* TrackerTests.xctest */,
			);
			name = Products;
			sourceTree = "<group>";
		};
		0C3523D3297725E7002462FF /* drone */ = {
			isa = PBXGroup;
			children = (
				0C51B8D52978175C00D1482E /* Tracker */,
				0C51B8E32978175D00D1482E /* TrackerTests */,
				0C35242729772699002462FF /* Data */,
				0C3524352977269B002462FF /* DataTests */,
				0C35240429772686002462FF /* Domain */,
				0C35241229772688002462FF /* DomainTests */,
				0C35244929772708002462FF /* Mobile */,
				0C3523D4297725E7002462FF /* droneApp.swift */,
				0C3523D8297725EF002462FF /* Assets.xcassets */,
				0C3523DA297725EF002462FF /* Preview Content */,
				0C35244A29772A78002462FF /* input.json */,
			);
			path = drone;
			sourceTree = "<group>";
		};
		0C3523DA297725EF002462FF /* Preview Content */ = {
			isa = PBXGroup;
			children = (
				0C3523DB297725EF002462FF /* Preview Assets.xcassets */,
			);
			path = "Preview Content";
			sourceTree = "<group>";
		};
		0C3523E4297725F0002462FF /* droneTests */ = {
			isa = PBXGroup;
			children = (
				0C3523E5297725F0002462FF /* droneTests.swift */,
			);
			path = droneTests;
			sourceTree = "<group>";
		};
		0C3523EE297725F1002462FF /* droneUITests */ = {
			isa = PBXGroup;
			children = (
				0C3523EF297725F1002462FF /* droneUITests.swift */,
				0C3523F1297725F1002462FF /* droneUITestsLaunchTests.swift */,
			);
			path = droneUITests;
			sourceTree = "<group>";
		};
		0C35240429772686002462FF /* Domain */ = {
			isa = PBXGroup;
			children = (
				0C35245029772D61002462FF /* Plateau */,
				0C35244C29772C0C002462FF /* Drone */,
				0C35240529772686002462FF /* Domain.h */,
				0C35240629772686002462FF /* Domain.docc */,
			);
			path = Domain;
			sourceTree = "<group>";
		};
		0C35241229772688002462FF /* DomainTests */ = {
			isa = PBXGroup;
			children = (
				0C35241329772688002462FF /* DomainTests.swift */,
			);
			path = DomainTests;
			sourceTree = "<group>";
		};
		0C35242729772699002462FF /* Data */ = {
			isa = PBXGroup;
			children = (
				0C51B8F8297819BC00D1482E /* Mission */,
				0C35242829772699002462FF /* Data.h */,
				0C35242929772699002462FF /* Data.docc */,
			);
			path = Data;
			sourceTree = "<group>";
		};
		0C3524352977269B002462FF /* DataTests */ = {
			isa = PBXGroup;
			children = (
				0C3524362977269B002462FF /* DataTests.swift */,
			);
			path = DataTests;
			sourceTree = "<group>";
		};
		0C352443297726BA002462FF /* Frameworks */ = {
			isa = PBXGroup;
			children = (
			);
			name = Frameworks;
			sourceTree = "<group>";
		};
		0C35244929772708002462FF /* Mobile */ = {
			isa = PBXGroup;
			children = (
				0C3523D6297725E7002462FF /* ContentView.swift */,
			);
			path = Mobile;
			sourceTree = "<group>";
		};
		0C35244C29772C0C002462FF /* Drone */ = {
			isa = PBXGroup;
			children = (
				0C35244D29772C17002462FF /* Model */,
			);
			path = Drone;
			sourceTree = "<group>";
		};
		0C35244D29772C17002462FF /* Model */ = {
			isa = PBXGroup;
			children = (
				0C35244E29772C4A002462FF /* Drone.swift */,
			);
			name = Model;
			sourceTree = "<group>";
		};
		0C35245029772D61002462FF /* Plateau */ = {
			isa = PBXGroup;
			children = (
				0C35245129772D6F002462FF /* Model */,
			);
			path = Plateau;
			sourceTree = "<group>";
		};
		0C35245129772D6F002462FF /* Model */ = {
			isa = PBXGroup;
			children = (
				0C35245229772D92002462FF /* Plateau.swift */,
			);
			path = Model;
			sourceTree = "<group>";
		};
		0C51B8D52978175C00D1482E /* Tracker */ = {
			isa = PBXGroup;
			children = (
				0C51B8F929781C9C00D1482E /* Model */,
				0C51B8F52978190B00D1482E /* Tracker.swift */,
				0C51B8D62978175C00D1482E /* Tracker.h */,
				0C51B8D72978175C00D1482E /* Tracker.docc */,
			);
			path = Tracker;
			sourceTree = "<group>";
		};
		0C51B8E32978175D00D1482E /* TrackerTests */ = {
			isa = PBXGroup;
			children = (
				0C51B8E42978175D00D1482E /* TrackerTests.swift */,
				0C36552D297867A8005BCAE6 /* TrackerDroneTests.swift */,
				0C36552F297867BF005BCAE6 /* TrackerPlateauTests.swift */,
				0C365531297867D4005BCAE6 /* TrackerInstructionTests.swift */,
			);
			path = TrackerTests;
			sourceTree = "<group>";
		};
		0C51B8F8297819BC00D1482E /* Mission */ = {
			isa = PBXGroup;
			children = (
			);
			path = Mission;
			sourceTree = "<group>";
		};
		0C51B8F929781C9C00D1482E /* Model */ = {
			isa = PBXGroup;
			children = (
				0C51B9072978229200D1482E /* TrackerPosition.swift */,
				0C51B905297820DA00D1482E /* TrackerDrone.swift */,
				0C51B8FA29781CC800D1482E /* TrackerPlateau.swift */,
				0C51B8FE29781D7400D1482E /* TrackerInstructions.swift */,
				0C51B90029781DBA00D1482E /* TrackerInstruction.swift */,
				0C51B9092978230000D1482E /* TrackerMission.swift */,
				0C51B90B2978243D00D1482E /* TrackerMissionResult.swift */,
			);
			path = Model;
			sourceTree = "<group>";
		};
/* End PBXGroup section */

/* Begin PBXHeadersBuildPhase section */
		0C3523FE29772686002462FF /* Headers */ = {
			isa = PBXHeadersBuildPhase;
			buildActionMask = 2147483647;
			files = (
				0C35241529772688002462FF /* Domain.h in Headers */,
			);
			runOnlyForDeploymentPostprocessing = 0;
		};
		0C35242129772699002462FF /* Headers */ = {
			isa = PBXHeadersBuildPhase;
			buildActionMask = 2147483647;
			files = (
				0C3524382977269B002462FF /* Data.h in Headers */,
			);
			runOnlyForDeploymentPostprocessing = 0;
		};
		0C51B8CF2978175C00D1482E /* Headers */ = {
			isa = PBXHeadersBuildPhase;
			buildActionMask = 2147483647;
			files = (
				0C51B8E62978175D00D1482E /* Tracker.h in Headers */,
			);
			runOnlyForDeploymentPostprocessing = 0;
		};
/* End PBXHeadersBuildPhase section */

/* Begin PBXNativeTarget section */
		0C3523D0297725E7002462FF /* drone */ = {
			isa = PBXNativeTarget;
			buildConfigurationList = 0C3523F5297725F1002462FF /* Build configuration list for PBXNativeTarget "drone" */;
			buildPhases = (
				0C3523CD297725E7002462FF /* Sources */,
				0C3523CE297725E7002462FF /* Frameworks */,
				0C3523CF297725E7002462FF /* Resources */,
				0C35241D29772689002462FF /* Embed Frameworks */,
			);
			buildRules = (
			);
			dependencies = (
				0C35241729772688002462FF /* PBXTargetDependency */,
				0C35243A2977269B002462FF /* PBXTargetDependency */,
				0C51B8E82978175D00D1482E /* PBXTargetDependency */,
			);
			name = drone;
			productName = drone;
			productReference = 0C3523D1297725E7002462FF /* drone.app */;
			productType = "com.apple.product-type.application";
		};
		0C3523E0297725F0002462FF /* droneTests */ = {
			isa = PBXNativeTarget;
			buildConfigurationList = 0C3523F8297725F1002462FF /* Build configuration list for PBXNativeTarget "droneTests" */;
			buildPhases = (
				0C3523DD297725F0002462FF /* Sources */,
				0C3523DE297725F0002462FF /* Frameworks */,
				0C3523DF297725F0002462FF /* Resources */,
			);
			buildRules = (
			);
			dependencies = (
				0C3523E3297725F0002462FF /* PBXTargetDependency */,
			);
			name = droneTests;
			productName = droneTests;
			productReference = 0C3523E1297725F0002462FF /* droneTests.xctest */;
			productType = "com.apple.product-type.bundle.unit-test";
		};
		0C3523EA297725F1002462FF /* droneUITests */ = {
			isa = PBXNativeTarget;
			buildConfigurationList = 0C3523FB297725F1002462FF /* Build configuration list for PBXNativeTarget "droneUITests" */;
			buildPhases = (
				0C3523E7297725F1002462FF /* Sources */,
				0C3523E8297725F1002462FF /* Frameworks */,
				0C3523E9297725F1002462FF /* Resources */,
			);
			buildRules = (
			);
			dependencies = (
				0C3523ED297725F1002462FF /* PBXTargetDependency */,
			);
			name = droneUITests;
			productName = droneUITests;
			productReference = 0C3523EB297725F1002462FF /* droneUITests.xctest */;
			productType = "com.apple.product-type.bundle.ui-testing";
		};
		0C35240229772686002462FF /* Domain */ = {
			isa = PBXNativeTarget;
			buildConfigurationList = 0C35241A29772689002462FF /* Build configuration list for PBXNativeTarget "Domain" */;
			buildPhases = (
				0C3523FE29772686002462FF /* Headers */,
				0C3523FF29772686002462FF /* Sources */,
				0C35240029772686002462FF /* Frameworks */,
				0C35240129772686002462FF /* Resources */,
			);
			buildRules = (
			);
			dependencies = (
			);
			name = Domain;
			productName = Domain;
			productReference = 0C35240329772686002462FF /* Domain.framework */;
			productType = "com.apple.product-type.framework";
		};
		0C35240B29772688002462FF /* DomainTests */ = {
			isa = PBXNativeTarget;
			buildConfigurationList = 0C35241E29772689002462FF /* Build configuration list for PBXNativeTarget "DomainTests" */;
			buildPhases = (
				0C35240829772688002462FF /* Sources */,
				0C35240929772688002462FF /* Frameworks */,
				0C35240A29772688002462FF /* Resources */,
			);
			buildRules = (
			);
			dependencies = (
				0C35240F29772688002462FF /* PBXTargetDependency */,
				0C35241129772688002462FF /* PBXTargetDependency */,
			);
			name = DomainTests;
			productName = DomainTests;
			productReference = 0C35240C29772688002462FF /* DomainTests.xctest */;
			productType = "com.apple.product-type.bundle.unit-test";
		};
		0C35242529772699002462FF /* Data */ = {
			isa = PBXNativeTarget;
			buildConfigurationList = 0C35243D2977269C002462FF /* Build configuration list for PBXNativeTarget "Data" */;
			buildPhases = (
				0C35242129772699002462FF /* Headers */,
				0C35242229772699002462FF /* Sources */,
				0C35242329772699002462FF /* Frameworks */,
				0C35242429772699002462FF /* Resources */,
				0C352448297726BB002462FF /* Embed Frameworks */,
			);
			buildRules = (
			);
			dependencies = (
				0C352447297726BB002462FF /* PBXTargetDependency */,
				0C51B8F4297817C900D1482E /* PBXTargetDependency */,
			);
			name = Data;
			productName = Data;
			productReference = 0C35242629772699002462FF /* Data.framework */;
			productType = "com.apple.product-type.framework";
		};
		0C35242E2977269B002462FF /* DataTests */ = {
			isa = PBXNativeTarget;
			buildConfigurationList = 0C3524402977269C002462FF /* Build configuration list for PBXNativeTarget "DataTests" */;
			buildPhases = (
				0C35242B2977269B002462FF /* Sources */,
				0C35242C2977269B002462FF /* Frameworks */,
				0C35242D2977269B002462FF /* Resources */,
			);
			buildRules = (
			);
			dependencies = (
				0C3524322977269B002462FF /* PBXTargetDependency */,
				0C3524342977269B002462FF /* PBXTargetDependency */,
			);
			name = DataTests;
			productName = DataTests;
			productReference = 0C35242F2977269B002462FF /* DataTests.xctest */;
			productType = "com.apple.product-type.bundle.unit-test";
		};
		0C51B8D32978175C00D1482E /* Tracker */ = {
			isa = PBXNativeTarget;
			buildConfigurationList = 0C51B8EF2978175E00D1482E /* Build configuration list for PBXNativeTarget "Tracker" */;
			buildPhases = (
				0C51B8CF2978175C00D1482E /* Headers */,
				0C51B8D02978175C00D1482E /* Sources */,
				0C51B8D12978175C00D1482E /* Frameworks */,
				0C51B8D22978175C00D1482E /* Resources */,
			);
			buildRules = (
			);
			dependencies = (
			);
			name = Tracker;
			productName = Tracker;
			productReference = 0C51B8D42978175C00D1482E /* Tracker.framework */;
			productType = "com.apple.product-type.framework";
		};
		0C51B8DC2978175D00D1482E /* TrackerTests */ = {
			isa = PBXNativeTarget;
			buildConfigurationList = 0C51B8F02978175E00D1482E /* Build configuration list for PBXNativeTarget "TrackerTests" */;
			buildPhases = (
				0C51B8D92978175D00D1482E /* Sources */,
				0C51B8DA2978175D00D1482E /* Frameworks */,
				0C51B8DB2978175D00D1482E /* Resources */,
			);
			buildRules = (
			);
			dependencies = (
				0C51B8E02978175D00D1482E /* PBXTargetDependency */,
				0C51B8E22978175D00D1482E /* PBXTargetDependency */,
			);
			name = TrackerTests;
			productName = TrackerTests;
			productReference = 0C51B8DD2978175D00D1482E /* TrackerTests.xctest */;
			productType = "com.apple.product-type.bundle.unit-test";
		};
/* End PBXNativeTarget section */

/* Begin PBXProject section */
		0C3523C9297725E7002462FF /* Project object */ = {
			isa = PBXProject;
			attributes = {
				BuildIndependentTargetsInParallel = 1;
				LastSwiftUpdateCheck = 1420;
				LastUpgradeCheck = 1420;
				TargetAttributes = {
					0C3523D0297725E7002462FF = {
						CreatedOnToolsVersion = 14.2;
					};
					0C3523E0297725F0002462FF = {
						CreatedOnToolsVersion = 14.2;
						TestTargetID = 0C3523D0297725E7002462FF;
					};
					0C3523EA297725F1002462FF = {
						CreatedOnToolsVersion = 14.2;
						TestTargetID = 0C3523D0297725E7002462FF;
					};
					0C35240229772686002462FF = {
						CreatedOnToolsVersion = 14.2;
					};
					0C35240B29772688002462FF = {
						CreatedOnToolsVersion = 14.2;
						TestTargetID = 0C3523D0297725E7002462FF;
					};
					0C35242529772699002462FF = {
						CreatedOnToolsVersion = 14.2;
					};
					0C35242E2977269B002462FF = {
						CreatedOnToolsVersion = 14.2;
						TestTargetID = 0C3523D0297725E7002462FF;
					};
					0C51B8D32978175C00D1482E = {
						CreatedOnToolsVersion = 14.2;
					};
					0C51B8DC2978175D00D1482E = {
						CreatedOnToolsVersion = 14.2;
						TestTargetID = 0C3523D0297725E7002462FF;
					};
				};
			};
			buildConfigurationList = 0C3523CC297725E7002462FF /* Build configuration list for PBXProject "drone" */;
			compatibilityVersion = "Xcode 14.0";
			developmentRegion = en;
			hasScannedForEncodings = 0;
			knownRegions = (
				en,
				Base,
			);
			mainGroup = 0C3523C8297725E7002462FF;
			productRefGroup = 0C3523D2297725E7002462FF /* Products */;
			projectDirPath = "";
			projectRoot = "";
			targets = (
				0C3523D0297725E7002462FF /* drone */,
				0C3523E0297725F0002462FF /* droneTests */,
				0C3523EA297725F1002462FF /* droneUITests */,
				0C35240229772686002462FF /* Domain */,
				0C35240B29772688002462FF /* DomainTests */,
				0C35242529772699002462FF /* Data */,
				0C35242E2977269B002462FF /* DataTests */,
				0C51B8D32978175C00D1482E /* Tracker */,
				0C51B8DC2978175D00D1482E /* TrackerTests */,
			);
		};
/* End PBXProject section */

/* Begin PBXResourcesBuildPhase section */
		0C3523CF297725E7002462FF /* Resources */ = {
			isa = PBXResourcesBuildPhase;
			buildActionMask = 2147483647;
			files = (
				0C3523DC297725EF002462FF /* Preview Assets.xcassets in Resources */,
				0C35244B29772A78002462FF /* input.json in Resources */,
				0C3523D9297725EF002462FF /* Assets.xcassets in Resources */,
			);
			runOnlyForDeploymentPostprocessing = 0;
		};
		0C3523DF297725F0002462FF /* Resources */ = {
			isa = PBXResourcesBuildPhase;
			buildActionMask = 2147483647;
			files = (
			);
			runOnlyForDeploymentPostprocessing = 0;
		};
		0C3523E9297725F1002462FF /* Resources */ = {
			isa = PBXResourcesBuildPhase;
			buildActionMask = 2147483647;
			files = (
			);
			runOnlyForDeploymentPostprocessing = 0;
		};
		0C35240129772686002462FF /* Resources */ = {
			isa = PBXResourcesBuildPhase;
			buildActionMask = 2147483647;
			files = (
			);
			runOnlyForDeploymentPostprocessing = 0;
		};
		0C35240A29772688002462FF /* Resources */ = {
			isa = PBXResourcesBuildPhase;
			buildActionMask = 2147483647;
			files = (
			);
			runOnlyForDeploymentPostprocessing = 0;
		};
		0C35242429772699002462FF /* Resources */ = {
			isa = PBXResourcesBuildPhase;
			buildActionMask = 2147483647;
			files = (
			);
			runOnlyForDeploymentPostprocessing = 0;
		};
		0C35242D2977269B002462FF /* Resources */ = {
			isa = PBXResourcesBuildPhase;
			buildActionMask = 2147483647;
			files = (
			);
			runOnlyForDeploymentPostprocessing = 0;
		};
		0C51B8D22978175C00D1482E /* Resources */ = {
			isa = PBXResourcesBuildPhase;
			buildActionMask = 2147483647;
			files = (
			);
			runOnlyForDeploymentPostprocessing = 0;
		};
		0C51B8DB2978175D00D1482E /* Resources */ = {
			isa = PBXResourcesBuildPhase;
			buildActionMask = 2147483647;
			files = (
			);
			runOnlyForDeploymentPostprocessing = 0;
		};
/* End PBXResourcesBuildPhase section */

/* Begin PBXSourcesBuildPhase section */
		0C3523CD297725E7002462FF /* Sources */ = {
			isa = PBXSourcesBuildPhase;
			buildActionMask = 2147483647;
			files = (
				0C3523D7297725E7002462FF /* ContentView.swift in Sources */,
				0C3523D5297725E7002462FF /* droneApp.swift in Sources */,
			);
			runOnlyForDeploymentPostprocessing = 0;
		};
		0C3523DD297725F0002462FF /* Sources */ = {
			isa = PBXSourcesBuildPhase;
			buildActionMask = 2147483647;
			files = (
				0C3523E6297725F0002462FF /* droneTests.swift in Sources */,
			);
			runOnlyForDeploymentPostprocessing = 0;
		};
		0C3523E7297725F1002462FF /* Sources */ = {
			isa = PBXSourcesBuildPhase;
			buildActionMask = 2147483647;
			files = (
				0C3523F0297725F1002462FF /* droneUITests.swift in Sources */,
				0C3523F2297725F1002462FF /* droneUITestsLaunchTests.swift in Sources */,
			);
			runOnlyForDeploymentPostprocessing = 0;
		};
		0C3523FF29772686002462FF /* Sources */ = {
			isa = PBXSourcesBuildPhase;
			buildActionMask = 2147483647;
			files = (
				0C35244F29772C4A002462FF /* Drone.swift in Sources */,
				0C35240729772687002462FF /* Domain.docc in Sources */,
				0C35245329772D92002462FF /* Plateau.swift in Sources */,
			);
			runOnlyForDeploymentPostprocessing = 0;
		};
		0C35240829772688002462FF /* Sources */ = {
			isa = PBXSourcesBuildPhase;
			buildActionMask = 2147483647;
			files = (
				0C35241429772688002462FF /* DomainTests.swift in Sources */,
			);
			runOnlyForDeploymentPostprocessing = 0;
		};
		0C35242229772699002462FF /* Sources */ = {
			isa = PBXSourcesBuildPhase;
			buildActionMask = 2147483647;
			files = (
				0C35242A29772699002462FF /* Data.docc in Sources */,
			);
			runOnlyForDeploymentPostprocessing = 0;
		};
		0C35242B2977269B002462FF /* Sources */ = {
			isa = PBXSourcesBuildPhase;
			buildActionMask = 2147483647;
			files = (
				0C3524372977269B002462FF /* DataTests.swift in Sources */,
			);
			runOnlyForDeploymentPostprocessing = 0;
		};
		0C51B8D02978175C00D1482E /* Sources */ = {
			isa = PBXSourcesBuildPhase;
			buildActionMask = 2147483647;
			files = (
				0C51B8D82978175C00D1482E /* Tracker.docc in Sources */,
				0C51B90229781DBE00D1482E /* TrackerInstructions.swift in Sources */,
				0C51B90C2978243D00D1482E /* TrackerMissionResult.swift in Sources */,
				0C51B906297820DA00D1482E /* TrackerDrone.swift in Sources */,
				0C51B8F62978190B00D1482E /* Tracker.swift in Sources */,
				0C51B9082978229200D1482E /* TrackerPosition.swift in Sources */,
				0C51B90A2978230000D1482E /* TrackerMission.swift in Sources */,
				0C51B90129781DBA00D1482E /* TrackerInstruction.swift in Sources */,
				0C51B90429781DC400D1482E /* TrackerPlateau.swift in Sources */,
			);
			runOnlyForDeploymentPostprocessing = 0;
		};
		0C51B8D92978175D00D1482E /* Sources */ = {
			isa = PBXSourcesBuildPhase;
			buildActionMask = 2147483647;
			files = (
				0C51B8E52978175D00D1482E /* TrackerTests.swift in Sources */,
				0C365532297867D4005BCAE6 /* TrackerInstructionTests.swift in Sources */,
				0C36552E297867A8005BCAE6 /* TrackerDroneTests.swift in Sources */,
				0C365530297867BF005BCAE6 /* TrackerPlateauTests.swift in Sources */,
			);
			runOnlyForDeploymentPostprocessing = 0;
		};
/* End PBXSourcesBuildPhase section */

/* Begin PBXTargetDependency section */
		0C3523E3297725F0002462FF /* PBXTargetDependency */ = {
			isa = PBXTargetDependency;
			target = 0C3523D0297725E7002462FF /* drone */;
			targetProxy = 0C3523E2297725F0002462FF /* PBXContainerItemProxy */;
		};
		0C3523ED297725F1002462FF /* PBXTargetDependency */ = {
			isa = PBXTargetDependency;
			target = 0C3523D0297725E7002462FF /* drone */;
			targetProxy = 0C3523EC297725F1002462FF /* PBXContainerItemProxy */;
		};
		0C35240F29772688002462FF /* PBXTargetDependency */ = {
			isa = PBXTargetDependency;
			target = 0C35240229772686002462FF /* Domain */;
			targetProxy = 0C35240E29772688002462FF /* PBXContainerItemProxy */;
		};
		0C35241129772688002462FF /* PBXTargetDependency */ = {
			isa = PBXTargetDependency;
			target = 0C3523D0297725E7002462FF /* drone */;
			targetProxy = 0C35241029772688002462FF /* PBXContainerItemProxy */;
		};
		0C35241729772688002462FF /* PBXTargetDependency */ = {
			isa = PBXTargetDependency;
			target = 0C35240229772686002462FF /* Domain */;
			targetProxy = 0C35241629772688002462FF /* PBXContainerItemProxy */;
		};
		0C3524322977269B002462FF /* PBXTargetDependency */ = {
			isa = PBXTargetDependency;
			target = 0C35242529772699002462FF /* Data */;
			targetProxy = 0C3524312977269B002462FF /* PBXContainerItemProxy */;
		};
		0C3524342977269B002462FF /* PBXTargetDependency */ = {
			isa = PBXTargetDependency;
			target = 0C3523D0297725E7002462FF /* drone */;
			targetProxy = 0C3524332977269B002462FF /* PBXContainerItemProxy */;
		};
		0C35243A2977269B002462FF /* PBXTargetDependency */ = {
			isa = PBXTargetDependency;
			target = 0C35242529772699002462FF /* Data */;
			targetProxy = 0C3524392977269B002462FF /* PBXContainerItemProxy */;
		};
		0C352447297726BB002462FF /* PBXTargetDependency */ = {
			isa = PBXTargetDependency;
			target = 0C35240229772686002462FF /* Domain */;
			targetProxy = 0C352446297726BB002462FF /* PBXContainerItemProxy */;
		};
		0C51B8E02978175D00D1482E /* PBXTargetDependency */ = {
			isa = PBXTargetDependency;
			target = 0C51B8D32978175C00D1482E /* Tracker */;
			targetProxy = 0C51B8DF2978175D00D1482E /* PBXContainerItemProxy */;
		};
		0C51B8E22978175D00D1482E /* PBXTargetDependency */ = {
			isa = PBXTargetDependency;
			target = 0C3523D0297725E7002462FF /* drone */;
			targetProxy = 0C51B8E12978175D00D1482E /* PBXContainerItemProxy */;
		};
		0C51B8E82978175D00D1482E /* PBXTargetDependency */ = {
			isa = PBXTargetDependency;
			target = 0C51B8D32978175C00D1482E /* Tracker */;
			targetProxy = 0C51B8E72978175D00D1482E /* PBXContainerItemProxy */;
		};
		0C51B8F4297817C900D1482E /* PBXTargetDependency */ = {
			isa = PBXTargetDependency;
			target = 0C51B8D32978175C00D1482E /* Tracker */;
			targetProxy = 0C51B8F3297817C900D1482E /* PBXContainerItemProxy */;
		};
/* End PBXTargetDependency section */

/* Begin XCBuildConfiguration section */
		0C3523F3297725F1002462FF /* Debug */ = {
			isa = XCBuildConfiguration;
			buildSettings = {
				ALWAYS_SEARCH_USER_PATHS = NO;
				CLANG_ANALYZER_NONNULL = YES;
				CLANG_ANALYZER_NUMBER_OBJECT_CONVERSION = YES_AGGRESSIVE;
				CLANG_CXX_LANGUAGE_STANDARD = "gnu++20";
				CLANG_ENABLE_MODULES = YES;
				CLANG_ENABLE_OBJC_ARC = YES;
				CLANG_ENABLE_OBJC_WEAK = YES;
				CLANG_WARN_BLOCK_CAPTURE_AUTORELEASING = YES;
				CLANG_WARN_BOOL_CONVERSION = YES;
				CLANG_WARN_COMMA = YES;
				CLANG_WARN_CONSTANT_CONVERSION = YES;
				CLANG_WARN_DEPRECATED_OBJC_IMPLEMENTATIONS = YES;
				CLANG_WARN_DIRECT_OBJC_ISA_USAGE = YES_ERROR;
				CLANG_WARN_DOCUMENTATION_COMMENTS = YES;
				CLANG_WARN_EMPTY_BODY = YES;
				CLANG_WARN_ENUM_CONVERSION = YES;
				CLANG_WARN_INFINITE_RECURSION = YES;
				CLANG_WARN_INT_CONVERSION = YES;
				CLANG_WARN_NON_LITERAL_NULL_CONVERSION = YES;
				CLANG_WARN_OBJC_IMPLICIT_RETAIN_SELF = YES;
				CLANG_WARN_OBJC_LITERAL_CONVERSION = YES;
				CLANG_WARN_OBJC_ROOT_CLASS = YES_ERROR;
				CLANG_WARN_QUOTED_INCLUDE_IN_FRAMEWORK_HEADER = YES;
				CLANG_WARN_RANGE_LOOP_ANALYSIS = YES;
				CLANG_WARN_STRICT_PROTOTYPES = YES;
				CLANG_WARN_SUSPICIOUS_MOVE = YES;
				CLANG_WARN_UNGUARDED_AVAILABILITY = YES_AGGRESSIVE;
				CLANG_WARN_UNREACHABLE_CODE = YES;
				CLANG_WARN__DUPLICATE_METHOD_MATCH = YES;
				COPY_PHASE_STRIP = NO;
				DEBUG_INFORMATION_FORMAT = dwarf;
				ENABLE_STRICT_OBJC_MSGSEND = YES;
				ENABLE_TESTABILITY = YES;
				GCC_C_LANGUAGE_STANDARD = gnu11;
				GCC_DYNAMIC_NO_PIC = NO;
				GCC_NO_COMMON_BLOCKS = YES;
				GCC_OPTIMIZATION_LEVEL = 0;
				GCC_PREPROCESSOR_DEFINITIONS = (
					"DEBUG=1",
					"$(inherited)",
				);
				GCC_WARN_64_TO_32_BIT_CONVERSION = YES;
				GCC_WARN_ABOUT_RETURN_TYPE = YES_ERROR;
				GCC_WARN_UNDECLARED_SELECTOR = YES;
				GCC_WARN_UNINITIALIZED_AUTOS = YES_AGGRESSIVE;
				GCC_WARN_UNUSED_FUNCTION = YES;
				GCC_WARN_UNUSED_VARIABLE = YES;
				IPHONEOS_DEPLOYMENT_TARGET = 16.2;
				MTL_ENABLE_DEBUG_INFO = INCLUDE_SOURCE;
				MTL_FAST_MATH = YES;
				ONLY_ACTIVE_ARCH = YES;
				SDKROOT = iphoneos;
				SWIFT_ACTIVE_COMPILATION_CONDITIONS = DEBUG;
				SWIFT_OPTIMIZATION_LEVEL = "-Onone";
			};
			name = Debug;
		};
		0C3523F4297725F1002462FF /* Release */ = {
			isa = XCBuildConfiguration;
			buildSettings = {
				ALWAYS_SEARCH_USER_PATHS = NO;
				CLANG_ANALYZER_NONNULL = YES;
				CLANG_ANALYZER_NUMBER_OBJECT_CONVERSION = YES_AGGRESSIVE;
				CLANG_CXX_LANGUAGE_STANDARD = "gnu++20";
				CLANG_ENABLE_MODULES = YES;
				CLANG_ENABLE_OBJC_ARC = YES;
				CLANG_ENABLE_OBJC_WEAK = YES;
				CLANG_WARN_BLOCK_CAPTURE_AUTORELEASING = YES;
				CLANG_WARN_BOOL_CONVERSION = YES;
				CLANG_WARN_COMMA = YES;
				CLANG_WARN_CONSTANT_CONVERSION = YES;
				CLANG_WARN_DEPRECATED_OBJC_IMPLEMENTATIONS = YES;
				CLANG_WARN_DIRECT_OBJC_ISA_USAGE = YES_ERROR;
				CLANG_WARN_DOCUMENTATION_COMMENTS = YES;
				CLANG_WARN_EMPTY_BODY = YES;
				CLANG_WARN_ENUM_CONVERSION = YES;
				CLANG_WARN_INFINITE_RECURSION = YES;
				CLANG_WARN_INT_CONVERSION = YES;
				CLANG_WARN_NON_LITERAL_NULL_CONVERSION = YES;
				CLANG_WARN_OBJC_IMPLICIT_RETAIN_SELF = YES;
				CLANG_WARN_OBJC_LITERAL_CONVERSION = YES;
				CLANG_WARN_OBJC_ROOT_CLASS = YES_ERROR;
				CLANG_WARN_QUOTED_INCLUDE_IN_FRAMEWORK_HEADER = YES;
				CLANG_WARN_RANGE_LOOP_ANALYSIS = YES;
				CLANG_WARN_STRICT_PROTOTYPES = YES;
				CLANG_WARN_SUSPICIOUS_MOVE = YES;
				CLANG_WARN_UNGUARDED_AVAILABILITY = YES_AGGRESSIVE;
				CLANG_WARN_UNREACHABLE_CODE = YES;
				CLANG_WARN__DUPLICATE_METHOD_MATCH = YES;
				COPY_PHASE_STRIP = NO;
				DEBUG_INFORMATION_FORMAT = "dwarf-with-dsym";
				ENABLE_NS_ASSERTIONS = NO;
				ENABLE_STRICT_OBJC_MSGSEND = YES;
				GCC_C_LANGUAGE_STANDARD = gnu11;
				GCC_NO_COMMON_BLOCKS = YES;
				GCC_WARN_64_TO_32_BIT_CONVERSION = YES;
				GCC_WARN_ABOUT_RETURN_TYPE = YES_ERROR;
				GCC_WARN_UNDECLARED_SELECTOR = YES;
				GCC_WARN_UNINITIALIZED_AUTOS = YES_AGGRESSIVE;
				GCC_WARN_UNUSED_FUNCTION = YES;
				GCC_WARN_UNUSED_VARIABLE = YES;
				IPHONEOS_DEPLOYMENT_TARGET = 16.2;
				MTL_ENABLE_DEBUG_INFO = NO;
				MTL_FAST_MATH = YES;
				SDKROOT = iphoneos;
				SWIFT_COMPILATION_MODE = wholemodule;
				SWIFT_OPTIMIZATION_LEVEL = "-O";
				VALIDATE_PRODUCT = YES;
			};
			name = Release;
		};
		0C3523F6297725F1002462FF /* Debug */ = {
			isa = XCBuildConfiguration;
			buildSettings = {
				ALWAYS_EMBED_SWIFT_STANDARD_LIBRARIES = YES;
				ASSETCATALOG_COMPILER_APPICON_NAME = AppIcon;
				ASSETCATALOG_COMPILER_GLOBAL_ACCENT_COLOR_NAME = AccentColor;
				CODE_SIGN_STYLE = Automatic;
				CURRENT_PROJECT_VERSION = 1;
				DEVELOPMENT_ASSET_PATHS = "\"drone/Preview Content\"";
				ENABLE_PREVIEWS = YES;
				GENERATE_INFOPLIST_FILE = YES;
				INFOPLIST_KEY_UIApplicationSceneManifest_Generation = YES;
				INFOPLIST_KEY_UIApplicationSupportsIndirectInputEvents = YES;
				INFOPLIST_KEY_UILaunchScreen_Generation = YES;
				INFOPLIST_KEY_UISupportedInterfaceOrientations_iPad = "UIInterfaceOrientationPortrait UIInterfaceOrientationPortraitUpsideDown UIInterfaceOrientationLandscapeLeft UIInterfaceOrientationLandscapeRight";
				INFOPLIST_KEY_UISupportedInterfaceOrientations_iPhone = "UIInterfaceOrientationPortrait UIInterfaceOrientationLandscapeLeft UIInterfaceOrientationLandscapeRight";
				LD_RUNPATH_SEARCH_PATHS = (
					"$(inherited)",
					"@executable_path/Frameworks",
				);
				MARKETING_VERSION = 1.0;
				PRODUCT_BUNDLE_IDENTIFIER = rpa.drone;
				PRODUCT_NAME = "$(TARGET_NAME)";
				SWIFT_EMIT_LOC_STRINGS = YES;
				SWIFT_VERSION = 5.0;
				TARGETED_DEVICE_FAMILY = "1,2";
			};
			name = Debug;
		};
		0C3523F7297725F1002462FF /* Release */ = {
			isa = XCBuildConfiguration;
			buildSettings = {
				ALWAYS_EMBED_SWIFT_STANDARD_LIBRARIES = YES;
				ASSETCATALOG_COMPILER_APPICON_NAME = AppIcon;
				ASSETCATALOG_COMPILER_GLOBAL_ACCENT_COLOR_NAME = AccentColor;
				CODE_SIGN_STYLE = Automatic;
				CURRENT_PROJECT_VERSION = 1;
				DEVELOPMENT_ASSET_PATHS = "\"drone/Preview Content\"";
				ENABLE_PREVIEWS = YES;
				GENERATE_INFOPLIST_FILE = YES;
				INFOPLIST_KEY_UIApplicationSceneManifest_Generation = YES;
				INFOPLIST_KEY_UIApplicationSupportsIndirectInputEvents = YES;
				INFOPLIST_KEY_UILaunchScreen_Generation = YES;
				INFOPLIST_KEY_UISupportedInterfaceOrientations_iPad = "UIInterfaceOrientationPortrait UIInterfaceOrientationPortraitUpsideDown UIInterfaceOrientationLandscapeLeft UIInterfaceOrientationLandscapeRight";
				INFOPLIST_KEY_UISupportedInterfaceOrientations_iPhone = "UIInterfaceOrientationPortrait UIInterfaceOrientationLandscapeLeft UIInterfaceOrientationLandscapeRight";
				LD_RUNPATH_SEARCH_PATHS = (
					"$(inherited)",
					"@executable_path/Frameworks",
				);
				MARKETING_VERSION = 1.0;
				PRODUCT_BUNDLE_IDENTIFIER = rpa.drone;
				PRODUCT_NAME = "$(TARGET_NAME)";
				SWIFT_EMIT_LOC_STRINGS = YES;
				SWIFT_VERSION = 5.0;
				TARGETED_DEVICE_FAMILY = "1,2";
			};
			name = Release;
		};
		0C3523F9297725F1002462FF /* Debug */ = {
			isa = XCBuildConfiguration;
			buildSettings = {
				ALWAYS_EMBED_SWIFT_STANDARD_LIBRARIES = YES;
				BUNDLE_LOADER = "$(TEST_HOST)";
				CODE_SIGN_STYLE = Automatic;
				CURRENT_PROJECT_VERSION = 1;
				GENERATE_INFOPLIST_FILE = YES;
				IPHONEOS_DEPLOYMENT_TARGET = 16.2;
				MARKETING_VERSION = 1.0;
				PRODUCT_BUNDLE_IDENTIFIER = rpa.droneTests;
				PRODUCT_NAME = "$(TARGET_NAME)";
				SWIFT_EMIT_LOC_STRINGS = NO;
				SWIFT_VERSION = 5.0;
				TARGETED_DEVICE_FAMILY = "1,2";
				TEST_HOST = "$(BUILT_PRODUCTS_DIR)/drone.app/$(BUNDLE_EXECUTABLE_FOLDER_PATH)/drone";
			};
			name = Debug;
		};
		0C3523FA297725F1002462FF /* Release */ = {
			isa = XCBuildConfiguration;
			buildSettings = {
				ALWAYS_EMBED_SWIFT_STANDARD_LIBRARIES = YES;
				BUNDLE_LOADER = "$(TEST_HOST)";
				CODE_SIGN_STYLE = Automatic;
				CURRENT_PROJECT_VERSION = 1;
				GENERATE_INFOPLIST_FILE = YES;
				IPHONEOS_DEPLOYMENT_TARGET = 16.2;
				MARKETING_VERSION = 1.0;
				PRODUCT_BUNDLE_IDENTIFIER = rpa.droneTests;
				PRODUCT_NAME = "$(TARGET_NAME)";
				SWIFT_EMIT_LOC_STRINGS = NO;
				SWIFT_VERSION = 5.0;
				TARGETED_DEVICE_FAMILY = "1,2";
				TEST_HOST = "$(BUILT_PRODUCTS_DIR)/drone.app/$(BUNDLE_EXECUTABLE_FOLDER_PATH)/drone";
			};
			name = Release;
		};
		0C3523FC297725F1002462FF /* Debug */ = {
			isa = XCBuildConfiguration;
			buildSettings = {
				ALWAYS_EMBED_SWIFT_STANDARD_LIBRARIES = YES;
				CODE_SIGN_STYLE = Automatic;
				CURRENT_PROJECT_VERSION = 1;
				GENERATE_INFOPLIST_FILE = YES;
				MARKETING_VERSION = 1.0;
				PRODUCT_BUNDLE_IDENTIFIER = rpa.droneUITests;
				PRODUCT_NAME = "$(TARGET_NAME)";
				SWIFT_EMIT_LOC_STRINGS = NO;
				SWIFT_VERSION = 5.0;
				TARGETED_DEVICE_FAMILY = "1,2";
				TEST_TARGET_NAME = drone;
			};
			name = Debug;
		};
		0C3523FD297725F1002462FF /* Release */ = {
			isa = XCBuildConfiguration;
			buildSettings = {
				ALWAYS_EMBED_SWIFT_STANDARD_LIBRARIES = YES;
				CODE_SIGN_STYLE = Automatic;
				CURRENT_PROJECT_VERSION = 1;
				GENERATE_INFOPLIST_FILE = YES;
				MARKETING_VERSION = 1.0;
				PRODUCT_BUNDLE_IDENTIFIER = rpa.droneUITests;
				PRODUCT_NAME = "$(TARGET_NAME)";
				SWIFT_EMIT_LOC_STRINGS = NO;
				SWIFT_VERSION = 5.0;
				TARGETED_DEVICE_FAMILY = "1,2";
				TEST_TARGET_NAME = drone;
			};
			name = Release;
		};
		0C35241B29772689002462FF /* Debug */ = {
			isa = XCBuildConfiguration;
			buildSettings = {
				CODE_SIGN_STYLE = Automatic;
				CURRENT_PROJECT_VERSION = 1;
				DEFINES_MODULE = YES;
				DYLIB_COMPATIBILITY_VERSION = 1;
				DYLIB_CURRENT_VERSION = 1;
				DYLIB_INSTALL_NAME_BASE = "@rpath";
				GENERATE_INFOPLIST_FILE = YES;
				INFOPLIST_KEY_NSHumanReadableCopyright = "";
				INSTALL_PATH = "$(LOCAL_LIBRARY_DIR)/Frameworks";
				LD_RUNPATH_SEARCH_PATHS = (
					"$(inherited)",
					"@executable_path/Frameworks",
					"@loader_path/Frameworks",
				);
				MARKETING_VERSION = 1.0;
				PRODUCT_BUNDLE_IDENTIFIER = rpa.Domain;
				PRODUCT_NAME = "$(TARGET_NAME:c99extidentifier)";
				SKIP_INSTALL = YES;
				SWIFT_EMIT_LOC_STRINGS = YES;
				SWIFT_VERSION = 5.0;
				TARGETED_DEVICE_FAMILY = "1,2";
				VERSIONING_SYSTEM = "apple-generic";
				VERSION_INFO_PREFIX = "";
			};
			name = Debug;
		};
		0C35241C29772689002462FF /* Release */ = {
			isa = XCBuildConfiguration;
			buildSettings = {
				CODE_SIGN_STYLE = Automatic;
				CURRENT_PROJECT_VERSION = 1;
				DEFINES_MODULE = YES;
				DYLIB_COMPATIBILITY_VERSION = 1;
				DYLIB_CURRENT_VERSION = 1;
				DYLIB_INSTALL_NAME_BASE = "@rpath";
				GENERATE_INFOPLIST_FILE = YES;
				INFOPLIST_KEY_NSHumanReadableCopyright = "";
				INSTALL_PATH = "$(LOCAL_LIBRARY_DIR)/Frameworks";
				LD_RUNPATH_SEARCH_PATHS = (
					"$(inherited)",
					"@executable_path/Frameworks",
					"@loader_path/Frameworks",
				);
				MARKETING_VERSION = 1.0;
				PRODUCT_BUNDLE_IDENTIFIER = rpa.Domain;
				PRODUCT_NAME = "$(TARGET_NAME:c99extidentifier)";
				SKIP_INSTALL = YES;
				SWIFT_EMIT_LOC_STRINGS = YES;
				SWIFT_VERSION = 5.0;
				TARGETED_DEVICE_FAMILY = "1,2";
				VERSIONING_SYSTEM = "apple-generic";
				VERSION_INFO_PREFIX = "";
			};
			name = Release;
		};
		0C35241F29772689002462FF /* Debug */ = {
			isa = XCBuildConfiguration;
			buildSettings = {
				ALWAYS_EMBED_SWIFT_STANDARD_LIBRARIES = YES;
				CODE_SIGN_STYLE = Automatic;
				CURRENT_PROJECT_VERSION = 1;
				GENERATE_INFOPLIST_FILE = YES;
				MARKETING_VERSION = 1.0;
				PRODUCT_BUNDLE_IDENTIFIER = rpa.DomainTests;
				PRODUCT_NAME = "$(TARGET_NAME)";
				SWIFT_EMIT_LOC_STRINGS = NO;
				SWIFT_VERSION = 5.0;
				TARGETED_DEVICE_FAMILY = "1,2";
				TEST_HOST = "$(BUILT_PRODUCTS_DIR)/drone.app/$(BUNDLE_EXECUTABLE_FOLDER_PATH)/drone";
			};
			name = Debug;
		};
		0C35242029772689002462FF /* Release */ = {
			isa = XCBuildConfiguration;
			buildSettings = {
				ALWAYS_EMBED_SWIFT_STANDARD_LIBRARIES = YES;
				CODE_SIGN_STYLE = Automatic;
				CURRENT_PROJECT_VERSION = 1;
				GENERATE_INFOPLIST_FILE = YES;
				MARKETING_VERSION = 1.0;
				PRODUCT_BUNDLE_IDENTIFIER = rpa.DomainTests;
				PRODUCT_NAME = "$(TARGET_NAME)";
				SWIFT_EMIT_LOC_STRINGS = NO;
				SWIFT_VERSION = 5.0;
				TARGETED_DEVICE_FAMILY = "1,2";
				TEST_HOST = "$(BUILT_PRODUCTS_DIR)/drone.app/$(BUNDLE_EXECUTABLE_FOLDER_PATH)/drone";
			};
			name = Release;
		};
		0C35243E2977269C002462FF /* Debug */ = {
			isa = XCBuildConfiguration;
			buildSettings = {
				CODE_SIGN_STYLE = Automatic;
				CURRENT_PROJECT_VERSION = 1;
				DEFINES_MODULE = YES;
				DYLIB_COMPATIBILITY_VERSION = 1;
				DYLIB_CURRENT_VERSION = 1;
				DYLIB_INSTALL_NAME_BASE = "@rpath";
				GENERATE_INFOPLIST_FILE = YES;
				INFOPLIST_KEY_NSHumanReadableCopyright = "";
				INSTALL_PATH = "$(LOCAL_LIBRARY_DIR)/Frameworks";
				LD_RUNPATH_SEARCH_PATHS = (
					"$(inherited)",
					"@executable_path/Frameworks",
					"@loader_path/Frameworks",
				);
				MARKETING_VERSION = 1.0;
				PRODUCT_BUNDLE_IDENTIFIER = rpa.Data;
				PRODUCT_NAME = "$(TARGET_NAME:c99extidentifier)";
				SKIP_INSTALL = YES;
				SWIFT_EMIT_LOC_STRINGS = YES;
				SWIFT_VERSION = 5.0;
				TARGETED_DEVICE_FAMILY = "1,2";
				VERSIONING_SYSTEM = "apple-generic";
				VERSION_INFO_PREFIX = "";
			};
			name = Debug;
		};
		0C35243F2977269C002462FF /* Release */ = {
			isa = XCBuildConfiguration;
			buildSettings = {
				CODE_SIGN_STYLE = Automatic;
				CURRENT_PROJECT_VERSION = 1;
				DEFINES_MODULE = YES;
				DYLIB_COMPATIBILITY_VERSION = 1;
				DYLIB_CURRENT_VERSION = 1;
				DYLIB_INSTALL_NAME_BASE = "@rpath";
				GENERATE_INFOPLIST_FILE = YES;
				INFOPLIST_KEY_NSHumanReadableCopyright = "";
				INSTALL_PATH = "$(LOCAL_LIBRARY_DIR)/Frameworks";
				LD_RUNPATH_SEARCH_PATHS = (
					"$(inherited)",
					"@executable_path/Frameworks",
					"@loader_path/Frameworks",
				);
				MARKETING_VERSION = 1.0;
				PRODUCT_BUNDLE_IDENTIFIER = rpa.Data;
				PRODUCT_NAME = "$(TARGET_NAME:c99extidentifier)";
				SKIP_INSTALL = YES;
				SWIFT_EMIT_LOC_STRINGS = YES;
				SWIFT_VERSION = 5.0;
				TARGETED_DEVICE_FAMILY = "1,2";
				VERSIONING_SYSTEM = "apple-generic";
				VERSION_INFO_PREFIX = "";
			};
			name = Release;
		};
		0C3524412977269C002462FF /* Debug */ = {
			isa = XCBuildConfiguration;
			buildSettings = {
				ALWAYS_EMBED_SWIFT_STANDARD_LIBRARIES = YES;
				CODE_SIGN_STYLE = Automatic;
				CURRENT_PROJECT_VERSION = 1;
				GENERATE_INFOPLIST_FILE = YES;
				MARKETING_VERSION = 1.0;
				PRODUCT_BUNDLE_IDENTIFIER = rpa.DataTests;
				PRODUCT_NAME = "$(TARGET_NAME)";
				SWIFT_EMIT_LOC_STRINGS = NO;
				SWIFT_VERSION = 5.0;
				TARGETED_DEVICE_FAMILY = "1,2";
				TEST_HOST = "$(BUILT_PRODUCTS_DIR)/drone.app/$(BUNDLE_EXECUTABLE_FOLDER_PATH)/drone";
			};
			name = Debug;
		};
		0C3524422977269C002462FF /* Release */ = {
			isa = XCBuildConfiguration;
			buildSettings = {
				ALWAYS_EMBED_SWIFT_STANDARD_LIBRARIES = YES;
				CODE_SIGN_STYLE = Automatic;
				CURRENT_PROJECT_VERSION = 1;
				GENERATE_INFOPLIST_FILE = YES;
				MARKETING_VERSION = 1.0;
				PRODUCT_BUNDLE_IDENTIFIER = rpa.DataTests;
				PRODUCT_NAME = "$(TARGET_NAME)";
				SWIFT_EMIT_LOC_STRINGS = NO;
				SWIFT_VERSION = 5.0;
				TARGETED_DEVICE_FAMILY = "1,2";
				TEST_HOST = "$(BUILT_PRODUCTS_DIR)/drone.app/$(BUNDLE_EXECUTABLE_FOLDER_PATH)/drone";
			};
			name = Release;
		};
		0C51B8EB2978175E00D1482E /* Debug */ = {
			isa = XCBuildConfiguration;
			buildSettings = {
				CODE_SIGN_STYLE = Automatic;
				CURRENT_PROJECT_VERSION = 1;
				DEFINES_MODULE = YES;
				DYLIB_COMPATIBILITY_VERSION = 1;
				DYLIB_CURRENT_VERSION = 1;
				DYLIB_INSTALL_NAME_BASE = "@rpath";
				GENERATE_INFOPLIST_FILE = YES;
				INFOPLIST_KEY_NSHumanReadableCopyright = "";
				INSTALL_PATH = "$(LOCAL_LIBRARY_DIR)/Frameworks";
				LD_RUNPATH_SEARCH_PATHS = (
					"$(inherited)",
					"@executable_path/Frameworks",
					"@loader_path/Frameworks",
				);
				MARKETING_VERSION = 1.0;
				PRODUCT_BUNDLE_IDENTIFIER = rpa.Tracker;
				PRODUCT_NAME = "$(TARGET_NAME:c99extidentifier)";
				SKIP_INSTALL = YES;
				SWIFT_EMIT_LOC_STRINGS = YES;
				SWIFT_VERSION = 5.0;
				TARGETED_DEVICE_FAMILY = "1,2";
				VERSIONING_SYSTEM = "apple-generic";
				VERSION_INFO_PREFIX = "";
			};
			name = Debug;
		};
		0C51B8EC2978175E00D1482E /* Release */ = {
			isa = XCBuildConfiguration;
			buildSettings = {
				CODE_SIGN_STYLE = Automatic;
				CURRENT_PROJECT_VERSION = 1;
				DEFINES_MODULE = YES;
				DYLIB_COMPATIBILITY_VERSION = 1;
				DYLIB_CURRENT_VERSION = 1;
				DYLIB_INSTALL_NAME_BASE = "@rpath";
				GENERATE_INFOPLIST_FILE = YES;
				INFOPLIST_KEY_NSHumanReadableCopyright = "";
				INSTALL_PATH = "$(LOCAL_LIBRARY_DIR)/Frameworks";
				LD_RUNPATH_SEARCH_PATHS = (
					"$(inherited)",
					"@executable_path/Frameworks",
					"@loader_path/Frameworks",
				);
				MARKETING_VERSION = 1.0;
				PRODUCT_BUNDLE_IDENTIFIER = rpa.Tracker;
				PRODUCT_NAME = "$(TARGET_NAME:c99extidentifier)";
				SKIP_INSTALL = YES;
				SWIFT_EMIT_LOC_STRINGS = YES;
				SWIFT_VERSION = 5.0;
				TARGETED_DEVICE_FAMILY = "1,2";
				VERSIONING_SYSTEM = "apple-generic";
				VERSION_INFO_PREFIX = "";
			};
			name = Release;
		};
		0C51B8ED2978175E00D1482E /* Debug */ = {
			isa = XCBuildConfiguration;
			buildSettings = {
				ALWAYS_EMBED_SWIFT_STANDARD_LIBRARIES = YES;
				CODE_SIGN_STYLE = Automatic;
				CURRENT_PROJECT_VERSION = 1;
				GENERATE_INFOPLIST_FILE = YES;
				MARKETING_VERSION = 1.0;
				PRODUCT_BUNDLE_IDENTIFIER = rpa.TrackerTests;
				PRODUCT_NAME = "$(TARGET_NAME)";
				SWIFT_EMIT_LOC_STRINGS = NO;
				SWIFT_VERSION = 5.0;
				TARGETED_DEVICE_FAMILY = "1,2";
				TEST_HOST = "$(BUILT_PRODUCTS_DIR)/drone.app/$(BUNDLE_EXECUTABLE_FOLDER_PATH)/drone";
			};
			name = Debug;
		};
		0C51B8EE2978175E00D1482E /* Release */ = {
			isa = XCBuildConfiguration;
			buildSettings = {
				ALWAYS_EMBED_SWIFT_STANDARD_LIBRARIES = YES;
				CODE_SIGN_STYLE = Automatic;
				CURRENT_PROJECT_VERSION = 1;
				GENERATE_INFOPLIST_FILE = YES;
				MARKETING_VERSION = 1.0;
				PRODUCT_BUNDLE_IDENTIFIER = rpa.TrackerTests;
				PRODUCT_NAME = "$(TARGET_NAME)";
				SWIFT_EMIT_LOC_STRINGS = NO;
				SWIFT_VERSION = 5.0;
				TARGETED_DEVICE_FAMILY = "1,2";
				TEST_HOST = "$(BUILT_PRODUCTS_DIR)/drone.app/$(BUNDLE_EXECUTABLE_FOLDER_PATH)/drone";
			};
			name = Release;
		};
/* End XCBuildConfiguration section */

/* Begin XCConfigurationList section */
		0C3523CC297725E7002462FF /* Build configuration list for PBXProject "drone" */ = {
			isa = XCConfigurationList;
			buildConfigurations = (
				0C3523F3297725F1002462FF /* Debug */,
				0C3523F4297725F1002462FF /* Release */,
			);
			defaultConfigurationIsVisible = 0;
			defaultConfigurationName = Release;
		};
		0C3523F5297725F1002462FF /* Build configuration list for PBXNativeTarget "drone" */ = {
			isa = XCConfigurationList;
			buildConfigurations = (
				0C3523F6297725F1002462FF /* Debug */,
				0C3523F7297725F1002462FF /* Release */,
			);
			defaultConfigurationIsVisible = 0;
			defaultConfigurationName = Release;
		};
		0C3523F8297725F1002462FF /* Build configuration list for PBXNativeTarget "droneTests" */ = {
			isa = XCConfigurationList;
			buildConfigurations = (
				0C3523F9297725F1002462FF /* Debug */,
				0C3523FA297725F1002462FF /* Release */,
			);
			defaultConfigurationIsVisible = 0;
			defaultConfigurationName = Release;
		};
		0C3523FB297725F1002462FF /* Build configuration list for PBXNativeTarget "droneUITests" */ = {
			isa = XCConfigurationList;
			buildConfigurations = (
				0C3523FC297725F1002462FF /* Debug */,
				0C3523FD297725F1002462FF /* Release */,
			);
			defaultConfigurationIsVisible = 0;
			defaultConfigurationName = Release;
		};
		0C35241A29772689002462FF /* Build configuration list for PBXNativeTarget "Domain" */ = {
			isa = XCConfigurationList;
			buildConfigurations = (
				0C35241B29772689002462FF /* Debug */,
				0C35241C29772689002462FF /* Release */,
			);
			defaultConfigurationIsVisible = 0;
			defaultConfigurationName = Release;
		};
		0C35241E29772689002462FF /* Build configuration list for PBXNativeTarget "DomainTests" */ = {
			isa = XCConfigurationList;
			buildConfigurations = (
				0C35241F29772689002462FF /* Debug */,
				0C35242029772689002462FF /* Release */,
			);
			defaultConfigurationIsVisible = 0;
			defaultConfigurationName = Release;
		};
		0C35243D2977269C002462FF /* Build configuration list for PBXNativeTarget "Data" */ = {
			isa = XCConfigurationList;
			buildConfigurations = (
				0C35243E2977269C002462FF /* Debug */,
				0C35243F2977269C002462FF /* Release */,
			);
			defaultConfigurationIsVisible = 0;
			defaultConfigurationName = Release;
		};
		0C3524402977269C002462FF /* Build configuration list for PBXNativeTarget "DataTests" */ = {
			isa = XCConfigurationList;
			buildConfigurations = (
				0C3524412977269C002462FF /* Debug */,
				0C3524422977269C002462FF /* Release */,
			);
			defaultConfigurationIsVisible = 0;
			defaultConfigurationName = Release;
		};
		0C51B8EF2978175E00D1482E /* Build configuration list for PBXNativeTarget "Tracker" */ = {
			isa = XCConfigurationList;
			buildConfigurations = (
				0C51B8EB2978175E00D1482E /* Debug */,
				0C51B8EC2978175E00D1482E /* Release */,
			);
			defaultConfigurationIsVisible = 0;
			defaultConfigurationName = Release;
		};
		0C51B8F02978175E00D1482E /* Build configuration list for PBXNativeTarget "TrackerTests" */ = {
			isa = XCConfigurationList;
			buildConfigurations = (
				0C51B8ED2978175E00D1482E /* Debug */,
				0C51B8EE2978175E00D1482E /* Release */,
			);
			defaultConfigurationIsVisible = 0;
			defaultConfigurationName = Release;
		};
/* End XCConfigurationList section */
	};
	rootObject = 0C3523C9297725E7002462FF /* Project object */;
}
